{
    "name": "turtle-web",
    "lockfileVersion": 3,
    "requires": true,
    "packages": {
        "": {
            "dependencies": {
                "@fortawesome/fontawesome-free": "^6.4.0",
                "chart.js": "^4.4.1",
                "jquery": "^3.7.0",
                "laravel-echo": "^1.15.3",
                "lodash": "^4.17.21",
                "socket.io-client": "^2.3.0",
                "tinymce": "^6.8.3"
            },
            "devDependencies": {
                "@popperjs/core": "^2.11.8",
                "axios": "^1.1.2",
                "bootstrap": "^5.3.2",
                "jquery-ui": "^1.13.2",
                "laravel-vite-plugin": "^0.7.5",
                "sass": "^1.56.1",
                "vite": "^4.4.4"
            }
        },
        "node_modules/@esbuild/win32-x64": {
            "version": "0.18.13",
            "resolved": "https://registry.npmjs.org/@esbuild/win32-x64/-/win32-x64-0.18.13.tgz",
            "integrity": "sha512-iVl6lehAfJS+VmpF3exKpNQ8b0eucf5VWfzR8S7xFve64NBNz2jPUgx1X93/kfnkfgP737O+i1k54SVQS7uVZA==",
            "cpu": [
                "x64"
            ],
            "dev": true,
            "optional": true,
            "os": [
                "win32"
            ],
            "engines": {
                "node": ">=12"
            }
        },
        "node_modules/@fortawesome/fontawesome-free": {
            "version": "6.4.0",
            "resolved": "https://registry.npmjs.org/@fortawesome/fontawesome-free/-/fontawesome-free-6.4.0.tgz",
            "integrity": "sha512-0NyytTlPJwB/BF5LtRV8rrABDbe3TdTXqNB3PdZ+UUUZAEIrdOJdmABqKjt4AXwIoJNaRVVZEXxpNrqvE1GAYQ==",
            "hasInstallScript": true,
            "engines": {
                "node": ">=6"
            }
        },
        "node_modules/@jridgewell/gen-mapping": {
            "version": "0.3.3",
            "resolved": "https://registry.npmjs.org/@jridgewell/gen-mapping/-/gen-mapping-0.3.3.tgz",
            "integrity": "sha512-HLhSWOLRi875zjjMG/r+Nv0oCW8umGb0BgEhyX3dDX3egwZtB8PqLnjz3yedt8R5StBrzcg4aBpnh8UA9D1BoQ==",
            "dev": true,
            "optional": true,
            "peer": true,
            "dependencies": {
                "@jridgewell/set-array": "^1.0.1",
                "@jridgewell/sourcemap-codec": "^1.4.10",
                "@jridgewell/trace-mapping": "^0.3.9"
            },
            "engines": {
                "node": ">=6.0.0"
            }
        },
        "node_modules/@jridgewell/resolve-uri": {
            "version": "3.1.0",
            "resolved": "https://registry.npmjs.org/@jridgewell/resolve-uri/-/resolve-uri-3.1.0.tgz",
            "integrity": "sha512-F2msla3tad+Mfht5cJq7LSXcdudKTWCVYUgw6pLFOOHSTtZlj6SWNYAp+AhuqLmWdBO2X5hPrLcu8cVP8fy28w==",
            "dev": true,
            "optional": true,
            "peer": true,
            "engines": {
                "node": ">=6.0.0"
            }
        },
        "node_modules/@jridgewell/set-array": {
            "version": "1.1.2",
            "resolved": "https://registry.npmjs.org/@jridgewell/set-array/-/set-array-1.1.2.tgz",
            "integrity": "sha512-xnkseuNADM0gt2bs+BvhO0p78Mk762YnZdsuzFV018NoG1Sj1SCQvpSqa7XUaTam5vAGasABV9qXASMKnFMwMw==",
            "dev": true,
            "optional": true,
            "peer": true,
            "engines": {
                "node": ">=6.0.0"
            }
        },
        "node_modules/@jridgewell/source-map": {
            "version": "0.3.5",
            "resolved": "https://registry.npmjs.org/@jridgewell/source-map/-/source-map-0.3.5.tgz",
            "integrity": "sha512-UTYAUj/wviwdsMfzoSJspJxbkH5o1snzwX0//0ENX1u/55kkZZkcTZP6u9bwKGkv+dkk9at4m1Cpt0uY80kcpQ==",
            "dev": true,
            "optional": true,
            "peer": true,
            "dependencies": {
                "@jridgewell/gen-mapping": "^0.3.0",
                "@jridgewell/trace-mapping": "^0.3.9"
            }
        },
        "node_modules/@jridgewell/sourcemap-codec": {
            "version": "1.4.15",
            "resolved": "https://registry.npmjs.org/@jridgewell/sourcemap-codec/-/sourcemap-codec-1.4.15.tgz",
            "integrity": "sha512-eF2rxCRulEKXHTRiDrDy6erMYWqNw4LPdQ8UQA4huuxaQsVeRPFl2oM8oDGxMFhJUWZf9McpLtJasDDZb/Bpeg==",
            "dev": true,
            "optional": true,
            "peer": true
        },
        "node_modules/@jridgewell/trace-mapping": {
            "version": "0.3.18",
            "resolved": "https://registry.npmjs.org/@jridgewell/trace-mapping/-/trace-mapping-0.3.18.tgz",
            "integrity": "sha512-w+niJYzMHdd7USdiH2U6869nqhD2nbfZXND5Yp93qIbEmnDNk7PD48o+YchRVpzMU7M6jVCbenTR7PA1FLQ9pA==",
            "dev": true,
            "optional": true,
            "peer": true,
            "dependencies": {
                "@jridgewell/resolve-uri": "3.1.0",
                "@jridgewell/sourcemap-codec": "1.4.14"
            }
        },
        "node_modules/@jridgewell/trace-mapping/node_modules/@jridgewell/sourcemap-codec": {
            "version": "1.4.14",
            "resolved": "https://registry.npmjs.org/@jridgewell/sourcemap-codec/-/sourcemap-codec-1.4.14.tgz",
            "integrity": "sha512-XPSJHWmi394fuUuzDnGz1wiKqWfo1yXecHQMRf2l6hztTO+nPru658AyDngaBe7isIxEkRsPR3FZh+s7iVa4Uw==",
            "dev": true,
            "optional": true,
            "peer": true
        },
        "node_modules/@kurkle/color": {
            "version": "0.3.2",
            "resolved": "https://registry.npmjs.org/@kurkle/color/-/color-0.3.2.tgz",
            "integrity": "sha512-fuscdXJ9G1qb7W8VdHi+IwRqij3lBkosAm4ydQtEmbY58OzHXqQhvlxqEkoz0yssNVn38bcpRWgA9PP+OGoisw=="
        },
        "node_modules/@popperjs/core": {
            "version": "2.11.8",
            "resolved": "https://registry.npmjs.org/@popperjs/core/-/core-2.11.8.tgz",
            "integrity": "sha512-P1st0aksCrn9sGZhp8GMYwBnQsbvAWsZAX44oXNNvLHGqAOcoVxmjZiohstwQ7SqKnbR47akdNi+uleWD8+g6A==",
            "dev": true,
            "funding": {
                "type": "opencollective",
                "url": "https://opencollective.com/popperjs"
            }
        },
        "node_modules/@types/node": {
            "version": "20.4.2",
            "resolved": "https://registry.npmjs.org/@types/node/-/node-20.4.2.tgz",
            "integrity": "sha512-Dd0BYtWgnWJKwO1jkmTrzofjK2QXXcai0dmtzvIBhcA+RsG5h8R3xlyta0kGOZRNfL9GuRtb1knmPEhQrePCEw==",
            "dev": true,
            "optional": true,
            "peer": true
        },
        "node_modules/acorn": {
            "version": "8.10.0",
            "resolved": "https://registry.npmjs.org/acorn/-/acorn-8.10.0.tgz",
            "integrity": "sha512-F0SAmZ8iUtS//m8DmCTA0jlh6TDKkHQyK6xc6V4KDTyZKA9dnvX9/3sRTVQrWm79glUAZbnmmNcdYwUIHWVybw==",
            "dev": true,
            "optional": true,
            "peer": true,
            "bin": {
                "acorn": "bin/acorn"
            },
            "engines": {
                "node": ">=0.4.0"
            }
        },
        "node_modules/after": {
            "version": "0.8.2",
            "resolved": "https://registry.npmjs.org/after/-/after-0.8.2.tgz",
            "integrity": "sha512-QbJ0NTQ/I9DI3uSJA4cbexiwQeRAfjPScqIbSjUDd9TOrcg6pTkdgziesOqxBMBzit8vFCTwrP27t13vFOORRA=="
        },
        "node_modules/anymatch": {
            "version": "3.1.3",
            "resolved": "https://registry.npmjs.org/anymatch/-/anymatch-3.1.3.tgz",
            "integrity": "sha512-KMReFUr0B4t+D+OBkjR3KYqvocp2XaSzO55UcB6mgQMd3KbcE+mWTyvVV7D/zsdEbNnV6acZUutkiHQXvTr1Rw==",
            "dev": true,
            "dependencies": {
                "normalize-path": "^3.0.0",
                "picomatch": "^2.0.4"
            },
            "engines": {
                "node": ">= 8"
            }
        },
        "node_modules/arraybuffer.slice": {
            "version": "0.0.7",
            "resolved": "https://registry.npmjs.org/arraybuffer.slice/-/arraybuffer.slice-0.0.7.tgz",
            "integrity": "sha512-wGUIVQXuehL5TCqQun8OW81jGzAWycqzFF8lFp+GOM5BXLYj3bKNsYC4daB7n6XjCqxQA/qgTJ+8ANR3acjrog=="
        },
        "node_modules/asynckit": {
            "version": "0.4.0",
            "resolved": "https://registry.npmjs.org/asynckit/-/asynckit-0.4.0.tgz",
            "integrity": "sha512-Oei9OH4tRh0YqU3GxhX79dM/mwVgvbZJaSNaRk+bshkj0S5cfHcgYakreBjrHwatXKbz+IoIdYLxrKim2MjW0Q==",
            "dev": true
        },
        "node_modules/axios": {
            "version": "1.6.2",
            "resolved": "https://registry.npmjs.org/axios/-/axios-1.6.2.tgz",
            "integrity": "sha512-7i24Ri4pmDRfJTR7LDBhsOTtcm+9kjX5WiY1X3wIisx6G9So3pfMkEiU7emUBe46oceVImccTEM3k6C5dbVW8A==",
            "dev": true,
            "dependencies": {
                "follow-redirects": "^1.15.0",
                "form-data": "^4.0.0",
                "proxy-from-env": "^1.1.0"
            }
        },
        "node_modules/backo2": {
            "version": "1.0.2",
            "resolved": "https://registry.npmjs.org/backo2/-/backo2-1.0.2.tgz",
            "integrity": "sha512-zj6Z6M7Eq+PBZ7PQxl5NT665MvJdAkzp0f60nAJ+sLaSCBPMwVak5ZegFbgVCzFcCJTKFoMizvM5Ld7+JrRJHA=="
        },
        "node_modules/base64-arraybuffer": {
            "version": "0.1.4",
            "resolved": "https://registry.npmjs.org/base64-arraybuffer/-/base64-arraybuffer-0.1.4.tgz",
            "integrity": "sha512-a1eIFi4R9ySrbiMuyTGx5e92uRH5tQY6kArNcFaKBUleIoLjdjBg7Zxm3Mqm3Kmkf27HLR/1fnxX9q8GQ7Iavg==",
            "engines": {
                "node": ">= 0.6.0"
            }
        },
        "node_modules/binary-extensions": {
            "version": "2.2.0",
            "resolved": "https://registry.npmjs.org/binary-extensions/-/binary-extensions-2.2.0.tgz",
            "integrity": "sha512-jDctJ/IVQbZoJykoeHbhXpOlNBqGNcwXJKJog42E5HDPUwQTSdjCHdihjj0DlnheQ7blbT6dHOafNAiS8ooQKA==",
            "dev": true,
            "engines": {
                "node": ">=8"
            }
        },
        "node_modules/blob": {
            "version": "0.0.5",
            "resolved": "https://registry.npmjs.org/blob/-/blob-0.0.5.tgz",
            "integrity": "sha512-gaqbzQPqOoamawKg0LGVd7SzLgXS+JH61oWprSLH+P+abTczqJbhTR8CmJ2u9/bUYNmHTGJx/UEmn6doAvvuig=="
        },
        "node_modules/bootstrap": {
            "version": "5.3.2",
            "resolved": "https://registry.npmjs.org/bootstrap/-/bootstrap-5.3.2.tgz",
            "integrity": "sha512-D32nmNWiQHo94BKHLmOrdjlL05q1c8oxbtBphQFb9Z5to6eGRDCm0QgeaZ4zFBHzfg2++rqa2JkqCcxDy0sH0g==",
            "dev": true,
            "funding": [
                {
                    "type": "github",
                    "url": "https://github.com/sponsors/twbs"
                },
                {
                    "type": "opencollective",
                    "url": "https://opencollective.com/bootstrap"
                }
            ],
            "peerDependencies": {
                "@popperjs/core": "^2.11.8"
            }
        },
        "node_modules/braces": {
            "version": "3.0.3",
            "resolved": "https://registry.npmjs.org/braces/-/braces-3.0.3.tgz",
            "integrity": "sha512-yQbXgO/OSZVD2IsiLlro+7Hf6Q18EJrKSEsdoMzKePKXct3gvD8oLcOQdIzGupr5Fj+EDe8gO/lxc1BzfMpxvA==",
            "dev": true,
            "dependencies": {
                "fill-range": "^7.1.1"
            },
            "engines": {
                "node": ">=8"
            }
        },
        "node_modules/buffer-from": {
            "version": "1.1.2",
            "resolved": "https://registry.npmjs.org/buffer-from/-/buffer-from-1.1.2.tgz",
            "integrity": "sha512-E+XQCRwSbaaiChtv6k6Dwgc+bx+Bs6vuKJHHl5kox/BaKbhiXzqQOwK4cO22yElGp2OCmjwVhT3HmxgyPGnJfQ==",
            "dev": true,
            "optional": true,
            "peer": true
        },
        "node_modules/chart.js": {
            "version": "4.4.1",
            "resolved": "https://registry.npmjs.org/chart.js/-/chart.js-4.4.1.tgz",
            "integrity": "sha512-C74QN1bxwV1v2PEujhmKjOZ7iUM4w6BWs23Md/6aOZZSlwMzeCIDGuZay++rBgChYru7/+QFeoQW0fQoP534Dg==",
            "dependencies": {
                "@kurkle/color": "^0.3.0"
            },
            "engines": {
                "pnpm": ">=7"
            }
        },
        "node_modules/chokidar": {
            "version": "3.5.3",
            "resolved": "https://registry.npmjs.org/chokidar/-/chokidar-3.5.3.tgz",
            "integrity": "sha512-Dr3sfKRP6oTcjf2JmUmFJfeVMvXBdegxB0iVQ5eb2V10uFJUCAS8OByZdVAyVb8xXNz3GjjTgj9kLWsZTqE6kw==",
            "dev": true,
            "funding": [
                {
                    "type": "individual",
                    "url": "https://paulmillr.com/funding/"
                }
            ],
            "dependencies": {
                "anymatch": "~3.1.2",
                "braces": "~3.0.2",
                "glob-parent": "~5.1.2",
                "is-binary-path": "~2.1.0",
                "is-glob": "~4.0.1",
                "normalize-path": "~3.0.0",
                "readdirp": "~3.6.0"
            },
            "engines": {
                "node": ">= 8.10.0"
            },
            "optionalDependencies": {
                "fsevents": "~2.3.2"
            }
        },
        "node_modules/combined-stream": {
            "version": "1.0.8",
            "resolved": "https://registry.npmjs.org/combined-stream/-/combined-stream-1.0.8.tgz",
            "integrity": "sha512-FQN4MRfuJeHf7cBbBMJFXhKSDq+2kAArBlmRBvcvFE5BB1HZKXtSFASDhdlz9zOYwxh8lDdnvmMOe/+5cdoEdg==",
            "dev": true,
            "dependencies": {
                "delayed-stream": "~1.0.0"
            },
            "engines": {
                "node": ">= 0.8"
            }
        },
        "node_modules/component-bind": {
            "version": "1.0.0",
            "resolved": "https://registry.npmjs.org/component-bind/-/component-bind-1.0.0.tgz",
            "integrity": "sha512-WZveuKPeKAG9qY+FkYDeADzdHyTYdIboXS59ixDeRJL5ZhxpqUnxSOwop4FQjMsiYm3/Or8cegVbpAHNA7pHxw=="
        },
        "node_modules/component-emitter": {
            "version": "1.3.1",
            "resolved": "https://registry.npmjs.org/component-emitter/-/component-emitter-1.3.1.tgz",
            "integrity": "sha512-T0+barUSQRTUQASh8bx02dl+DhF54GtIDY13Y3m9oWTklKbb3Wv974meRpeZ3lp1JpLVECWWNHC4vaG2XHXouQ==",
            "funding": {
                "url": "https://github.com/sponsors/sindresorhus"
            }
        },
        "node_modules/component-inherit": {
            "version": "0.0.3",
            "resolved": "https://registry.npmjs.org/component-inherit/-/component-inherit-0.0.3.tgz",
            "integrity": "sha512-w+LhYREhatpVqTESyGFg3NlP6Iu0kEKUHETY9GoZP/pQyW4mHFZuFWRUCIqVPZ36ueVLtoOEZaAqbCF2RDndaA=="
        },
        "node_modules/debug": {
            "version": "3.1.0",
            "resolved": "https://registry.npmjs.org/debug/-/debug-3.1.0.tgz",
            "integrity": "sha512-OX8XqP7/1a9cqkxYw2yXss15f26NKWBpDXQd0/uK/KPqdQhxbPa994hnzjcE2VqQpDslf55723cKPUOGSmMY3g==",
            "dependencies": {
                "ms": "2.0.0"
            }
        },
        "node_modules/delayed-stream": {
            "version": "1.0.0",
            "resolved": "https://registry.npmjs.org/delayed-stream/-/delayed-stream-1.0.0.tgz",
            "integrity": "sha512-ZySD7Nf91aLB0RxL4KGrKHBXl7Eds1DAmEdcoVawXnLD7SDhpNgtuII2aAkg7a7QS41jxPSZ17p4VdGnMHk3MQ==",
            "dev": true,
            "engines": {
                "node": ">=0.4.0"
            }
        },
        "node_modules/engine.io-client": {
            "version": "3.5.3",
            "resolved": "https://registry.npmjs.org/engine.io-client/-/engine.io-client-3.5.3.tgz",
            "integrity": "sha512-qsgyc/CEhJ6cgMUwxRRtOndGVhIu5hpL5tR4umSpmX/MvkFoIxUTM7oFMDQumHNzlNLwSVy6qhstFPoWTf7dOw==",
            "dependencies": {
                "component-emitter": "~1.3.0",
                "component-inherit": "0.0.3",
                "debug": "~3.1.0",
                "engine.io-parser": "~2.2.0",
                "has-cors": "1.1.0",
                "indexof": "0.0.1",
                "parseqs": "0.0.6",
                "parseuri": "0.0.6",
                "ws": "~7.4.2",
                "xmlhttprequest-ssl": "~1.6.2",
                "yeast": "0.1.2"
            }
        },
        "node_modules/engine.io-parser": {
            "version": "2.2.1",
            "resolved": "https://registry.npmjs.org/engine.io-parser/-/engine.io-parser-2.2.1.tgz",
            "integrity": "sha512-x+dN/fBH8Ro8TFwJ+rkB2AmuVw9Yu2mockR/p3W8f8YtExwFgDvBDi0GWyb4ZLkpahtDGZgtr3zLovanJghPqg==",
            "dependencies": {
                "after": "0.8.2",
                "arraybuffer.slice": "~0.0.7",
                "base64-arraybuffer": "0.1.4",
                "blob": "0.0.5",
                "has-binary2": "~1.0.2"
            }
        },
        "node_modules/esbuild": {
            "version": "0.18.13",
            "resolved": "https://registry.npmjs.org/esbuild/-/esbuild-0.18.13.tgz",
            "integrity": "sha512-vhg/WR/Oiu4oUIkVhmfcc23G6/zWuEQKFS+yiosSHe4aN6+DQRXIfeloYGibIfVhkr4wyfuVsGNLr+sQU1rWWw==",
            "dev": true,
            "hasInstallScript": true,
            "bin": {
                "esbuild": "bin/esbuild"
            },
            "engines": {
                "node": ">=12"
            },
            "optionalDependencies": {
                "@esbuild/android-arm": "0.18.13",
                "@esbuild/android-arm64": "0.18.13",
                "@esbuild/android-x64": "0.18.13",
                "@esbuild/darwin-arm64": "0.18.13",
                "@esbuild/darwin-x64": "0.18.13",
                "@esbuild/freebsd-arm64": "0.18.13",
                "@esbuild/freebsd-x64": "0.18.13",
                "@esbuild/linux-arm": "0.18.13",
                "@esbuild/linux-arm64": "0.18.13",
                "@esbuild/linux-ia32": "0.18.13",
                "@esbuild/linux-loong64": "0.18.13",
                "@esbuild/linux-mips64el": "0.18.13",
                "@esbuild/linux-ppc64": "0.18.13",
                "@esbuild/linux-riscv64": "0.18.13",
                "@esbuild/linux-s390x": "0.18.13",
                "@esbuild/linux-x64": "0.18.13",
                "@esbuild/netbsd-x64": "0.18.13",
                "@esbuild/openbsd-x64": "0.18.13",
                "@esbuild/sunos-x64": "0.18.13",
                "@esbuild/win32-arm64": "0.18.13",
                "@esbuild/win32-ia32": "0.18.13",
                "@esbuild/win32-x64": "0.18.13"
            }
        },
        "node_modules/fill-range": {
            "version": "7.1.1",
            "resolved": "https://registry.npmjs.org/fill-range/-/fill-range-7.1.1.tgz",
            "integrity": "sha512-YsGpe3WHLK8ZYi4tWDg2Jy3ebRz2rXowDxnld4bkQB00cc/1Zw9AWnC0i9ztDJitivtQvaI9KaLyKrc+hBW0yg==",
            "dev": true,
            "dependencies": {
                "to-regex-range": "^5.0.1"
            },
            "engines": {
                "node": ">=8"
            }
        },
        "node_modules/follow-redirects": {
            "version": "1.15.2",
            "resolved": "https://registry.npmjs.org/follow-redirects/-/follow-redirects-1.15.2.tgz",
            "integrity": "sha512-VQLG33o04KaQ8uYi2tVNbdrWp1QWxNNea+nmIB4EVM28v0hmP17z7aG1+wAkNzVq4KeXTq3221ye5qTJP91JwA==",
            "dev": true,
            "funding": [
                {
                    "type": "individual",
                    "url": "https://github.com/sponsors/RubenVerborgh"
                }
            ],
            "engines": {
                "node": ">=4.0"
            },
            "peerDependenciesMeta": {
                "debug": {
                    "optional": true
                }
            }
        },
        "node_modules/form-data": {
            "version": "4.0.0",
            "resolved": "https://registry.npmjs.org/form-data/-/form-data-4.0.0.tgz",
            "integrity": "sha512-ETEklSGi5t0QMZuiXoA/Q6vcnxcLQP5vdugSpuAyi6SVGi2clPPp+xgEhuMaHC+zGgn31Kd235W35f7Hykkaww==",
            "dev": true,
            "dependencies": {
                "asynckit": "^0.4.0",
                "combined-stream": "^1.0.8",
                "mime-types": "^2.1.12"
            },
            "engines": {
                "node": ">= 6"
            }
        },
        "node_modules/fsevents": {
            "version": "2.3.2",
            "resolved": "https://registry.npmjs.org/fsevents/-/fsevents-2.3.2.tgz",
            "integrity": "sha512-xiqMQR4xAeHTuB9uWm+fFRcIOgKBMiOBP+eXiyT7jsgVCq1bkVygt00oASowB7EdtpOHaaPgKt812P9ab+DDKA==",
            "dev": true,
            "hasInstallScript": true,
            "optional": true,
            "os": [
                "darwin"
            ],
            "engines": {
                "node": "^8.16.0 || ^10.6.0 || >=11.0.0"
            }
        },
        "node_modules/glob-parent": {
            "version": "5.1.2",
            "resolved": "https://registry.npmjs.org/glob-parent/-/glob-parent-5.1.2.tgz",
            "integrity": "sha512-AOIgSQCepiJYwP3ARnGx+5VnTu2HBYdzbGP45eLw1vr3zB3vZLeyed1sC9hnbcOc9/SrMyM5RPQrkGz4aS9Zow==",
            "dev": true,
            "dependencies": {
                "is-glob": "^4.0.1"
            },
            "engines": {
                "node": ">= 6"
            }
        },
        "node_modules/has-binary2": {
            "version": "1.0.3",
            "resolved": "https://registry.npmjs.org/has-binary2/-/has-binary2-1.0.3.tgz",
            "integrity": "sha512-G1LWKhDSvhGeAQ8mPVQlqNcOB2sJdwATtZKl2pDKKHfpf/rYj24lkinxf69blJbnsvtqqNU+L3SL50vzZhXOnw==",
            "dependencies": {
                "isarray": "2.0.1"
            }
        },
        "node_modules/has-cors": {
            "version": "1.1.0",
            "resolved": "https://registry.npmjs.org/has-cors/-/has-cors-1.1.0.tgz",
            "integrity": "sha512-g5VNKdkFuUuVCP9gYfDJHjK2nqdQJ7aDLTnycnc2+RvsOQbuLdF5pm7vuE5J76SEBIQjs4kQY/BWq74JUmjbXA=="
        },
        "node_modules/immutable": {
            "version": "4.3.1",
            "resolved": "https://registry.npmjs.org/immutable/-/immutable-4.3.1.tgz",
            "integrity": "sha512-lj9cnmB/kVS0QHsJnYKD1uo3o39nrbKxszjnqS9Fr6NB7bZzW45U6WSGBPKXDL/CvDKqDNPA4r3DoDQ8GTxo2A==",
            "dev": true
        },
        "node_modules/indexof": {
            "version": "0.0.1",
            "resolved": "https://registry.npmjs.org/indexof/-/indexof-0.0.1.tgz",
            "integrity": "sha512-i0G7hLJ1z0DE8dsqJa2rycj9dBmNKgXBvotXtZYXakU9oivfB9Uj2ZBC27qqef2U58/ZLwalxa1X/RDCdkHtVg=="
        },
        "node_modules/is-binary-path": {
            "version": "2.1.0",
            "resolved": "https://registry.npmjs.org/is-binary-path/-/is-binary-path-2.1.0.tgz",
            "integrity": "sha512-ZMERYes6pDydyuGidse7OsHxtbI7WVeUEozgR/g7rd0xUimYNlvZRE/K2MgZTjWy725IfelLeVcEM97mmtRGXw==",
            "dev": true,
            "dependencies": {
                "binary-extensions": "^2.0.0"
            },
            "engines": {
                "node": ">=8"
            }
        },
        "node_modules/is-extglob": {
            "version": "2.1.1",
            "resolved": "https://registry.npmjs.org/is-extglob/-/is-extglob-2.1.1.tgz",
            "integrity": "sha512-SbKbANkN603Vi4jEZv49LeVJMn4yGwsbzZworEoyEiutsN3nJYdbO36zfhGJ6QEDpOZIFkDtnq5JRxmvl3jsoQ==",
            "dev": true,
            "engines": {
                "node": ">=0.10.0"
            }
        },
        "node_modules/is-glob": {
            "version": "4.0.3",
            "resolved": "https://registry.npmjs.org/is-glob/-/is-glob-4.0.3.tgz",
            "integrity": "sha512-xelSayHH36ZgE7ZWhli7pW34hNbNl8Ojv5KVmkJD4hBdD3th8Tfk9vYasLM+mXWOZhFkgZfxhLSnrwRr4elSSg==",
            "dev": true,
            "dependencies": {
                "is-extglob": "^2.1.1"
            },
            "engines": {
                "node": ">=0.10.0"
            }
        },
        "node_modules/is-number": {
            "version": "7.0.0",
            "resolved": "https://registry.npmjs.org/is-number/-/is-number-7.0.0.tgz",
            "integrity": "sha512-41Cifkg6e8TylSpdtTpeLVMqvSBEVzTttHvERD741+pnZ8ANv0004MRL43QKPDlK9cGvNp6NZWZUBlbGXYxxng==",
            "dev": true,
            "engines": {
                "node": ">=0.12.0"
            }
        },
        "node_modules/isarray": {
            "version": "2.0.1",
            "resolved": "https://registry.npmjs.org/isarray/-/isarray-2.0.1.tgz",
            "integrity": "sha512-c2cu3UxbI+b6kR3fy0nRnAhodsvR9dx7U5+znCOzdj6IfP3upFURTr0Xl5BlQZNKZjEtxrmVyfSdeE3O57smoQ=="
        },
        "node_modules/jquery": {
            "version": "3.7.0",
            "resolved": "https://registry.npmjs.org/jquery/-/jquery-3.7.0.tgz",
            "integrity": "sha512-umpJ0/k8X0MvD1ds0P9SfowREz2LenHsQaxSohMZ5OMNEU2r0tf8pdeEFTHMFxWVxKNyU9rTtK3CWzUCTKJUeQ=="
        },
        "node_modules/jquery-ui": {
            "version": "1.13.2",
            "resolved": "https://registry.npmjs.org/jquery-ui/-/jquery-ui-1.13.2.tgz",
            "integrity": "sha512-wBZPnqWs5GaYJmo1Jj0k/mrSkzdQzKDwhXNtHKcBdAcKVxMM3KNYFq+iJ2i1rwiG53Z8M4mTn3Qxrm17uH1D4Q==",
            "dev": true,
            "dependencies": {
                "jquery": ">=1.8.0 <4.0.0"
            }
        },
        "node_modules/laravel-echo": {
            "version": "1.15.3",
            "resolved": "https://registry.npmjs.org/laravel-echo/-/laravel-echo-1.15.3.tgz",
            "integrity": "sha512-SRXzccaat6w4qKgZ4/rjFKr3nJfVxB+ly4V0MEJNIF1/TpERNXepo3uk7NnOjBGsiV/np1fl2XitAzW4Sa1s/w==",
            "engines": {
                "node": ">=10"
            }
        },
        "node_modules/laravel-vite-plugin": {
            "version": "0.7.8",
            "resolved": "https://registry.npmjs.org/laravel-vite-plugin/-/laravel-vite-plugin-0.7.8.tgz",
            "integrity": "sha512-HWYqpQYHR3kEQ1LsHX7gHJoNNf0bz5z5mDaHBLzS+PGLCTmYqlU5/SZyeEgObV7z7bC/cnStYcY9H1DI1D5Udg==",
            "dev": true,
            "dependencies": {
                "picocolors": "^1.0.0",
                "vite-plugin-full-reload": "^1.0.5"
            },
            "engines": {
                "node": ">=14"
            },
            "peerDependencies": {
                "vite": "^3.0.0 || ^4.0.0"
            }
        },
        "node_modules/lodash": {
            "version": "4.17.21",
            "resolved": "https://registry.npmjs.org/lodash/-/lodash-4.17.21.tgz",
            "integrity": "sha512-v2kDEe57lecTulaDIuNTPy3Ry4gLGJ6Z1O3vE1krgXZNrsQ+LFTGHVxVjcXPs17LhbZVGedAJv8XZ1tvj5FvSg=="
        },
        "node_modules/mime-db": {
            "version": "1.52.0",
            "resolved": "https://registry.npmjs.org/mime-db/-/mime-db-1.52.0.tgz",
            "integrity": "sha512-sPU4uV7dYlvtWJxwwxHD0PuihVNiE7TyAbQ5SWxDCB9mUYvOgroQOwYQQOKPJ8CIbE+1ETVlOoK1UC2nU3gYvg==",
            "dev": true,
            "engines": {
                "node": ">= 0.6"
            }
        },
        "node_modules/mime-types": {
            "version": "2.1.35",
            "resolved": "https://registry.npmjs.org/mime-types/-/mime-types-2.1.35.tgz",
            "integrity": "sha512-ZDY+bPm5zTTF+YpCrAU9nK0UgICYPT0QtT1NZWFv4s++TNkcgVaT0g6+4R2uI4MjQjzysHB1zxuWL50hzaeXiw==",
            "dev": true,
            "dependencies": {
                "mime-db": "1.52.0"
            },
            "engines": {
                "node": ">= 0.6"
            }
        },
        "node_modules/ms": {
            "version": "2.0.0",
            "resolved": "https://registry.npmjs.org/ms/-/ms-2.0.0.tgz",
            "integrity": "sha512-Tpp60P6IUJDTuOq/5Z8cdskzJujfwqfOTkrwIwj7IRISpnkJnT6SyJ4PCPnGMoFjC9ddhal5KVIYtAt97ix05A=="
        },
        "node_modules/nanoid": {
            "version": "3.3.6",
            "resolved": "https://registry.npmjs.org/nanoid/-/nanoid-3.3.6.tgz",
            "integrity": "sha512-BGcqMMJuToF7i1rt+2PWSNVnWIkGCU78jBG3RxO/bZlnZPK2Cmi2QaffxGO/2RvWi9sL+FAiRiXMgsyxQ1DIDA==",
            "dev": true,
            "funding": [
                {
                    "type": "github",
                    "url": "https://github.com/sponsors/ai"
                }
            ],
            "bin": {
                "nanoid": "bin/nanoid.cjs"
            },
            "engines": {
                "node": "^10 || ^12 || ^13.7 || ^14 || >=15.0.1"
            }
        },
        "node_modules/normalize-path": {
            "version": "3.0.0",
            "resolved": "https://registry.npmjs.org/normalize-path/-/normalize-path-3.0.0.tgz",
            "integrity": "sha512-6eZs5Ls3WtCisHWp9S2GUy8dqkpGi4BVSz3GaqiE6ezub0512ESztXUwUB6C6IKbQkY2Pnb/mD4WYojCRwcwLA==",
            "dev": true,
            "engines": {
                "node": ">=0.10.0"
            }
        },
        "node_modules/parseqs": {
            "version": "0.0.6",
            "resolved": "https://registry.npmjs.org/parseqs/-/parseqs-0.0.6.tgz",
            "integrity": "sha512-jeAGzMDbfSHHA091hr0r31eYfTig+29g3GKKE/PPbEQ65X0lmMwlEoqmhzu0iztID5uJpZsFlUPDP8ThPL7M8w=="
        },
        "node_modules/parseuri": {
            "version": "0.0.6",
            "resolved": "https://registry.npmjs.org/parseuri/-/parseuri-0.0.6.tgz",
            "integrity": "sha512-AUjen8sAkGgao7UyCX6Ahv0gIK2fABKmYjvP4xmy5JaKvcbTRueIqIPHLAfq30xJddqSE033IOMUSOMCcK3Sow=="
        },
        "node_modules/picocolors": {
            "version": "1.0.0",
            "resolved": "https://registry.npmjs.org/picocolors/-/picocolors-1.0.0.tgz",
            "integrity": "sha512-1fygroTLlHu66zi26VoTDv8yRgm0Fccecssto+MhsZ0D/DGW2sm8E8AjW7NU5VVTRt5GxbeZ5qBuJr+HyLYkjQ==",
            "dev": true
        },
        "node_modules/picomatch": {
            "version": "2.3.1",
            "resolved": "https://registry.npmjs.org/picomatch/-/picomatch-2.3.1.tgz",
            "integrity": "sha512-JU3teHTNjmE2VCGFzuY8EXzCDVwEqB2a8fsIvwaStHhAWJEeVd1o1QD80CU6+ZdEXXSLbSsuLwJjkCBWqRQUVA==",
            "dev": true,
            "engines": {
                "node": ">=8.6"
            },
            "funding": {
                "url": "https://github.com/sponsors/jonschlinkert"
            }
        },
        "node_modules/postcss": {
            "version": "8.4.31",
            "resolved": "https://registry.npmjs.org/postcss/-/postcss-8.4.31.tgz",
            "integrity": "sha512-PS08Iboia9mts/2ygV3eLpY5ghnUcfLV/EXTOW1E2qYxJKGGBUtNjN76FYHnMs36RmARn41bC0AZmn+rR0OVpQ==",
            "dev": true,
            "funding": [
                {
                    "type": "opencollective",
                    "url": "https://opencollective.com/postcss/"
                },
                {
                    "type": "tidelift",
                    "url": "https://tidelift.com/funding/github/npm/postcss"
                },
                {
                    "type": "github",
                    "url": "https://github.com/sponsors/ai"
                }
            ],
            "dependencies": {
                "nanoid": "^3.3.6",
                "picocolors": "^1.0.0",
                "source-map-js": "^1.0.2"
            },
            "engines": {
                "node": "^10 || ^12 || >=14"
            }
        },
        "node_modules/proxy-from-env": {
            "version": "1.1.0",
            "resolved": "https://registry.npmjs.org/proxy-from-env/-/proxy-from-env-1.1.0.tgz",
            "integrity": "sha512-D+zkORCbA9f1tdWRK0RaCR3GPv50cMxcrz4X8k5LTSUD1Dkw47mKJEZQNunItRTkWwgtaUSo1RVFRIG9ZXiFYg==",
            "dev": true
        },
        "node_modules/readdirp": {
            "version": "3.6.0",
            "resolved": "https://registry.npmjs.org/readdirp/-/readdirp-3.6.0.tgz",
            "integrity": "sha512-hOS089on8RduqdbhvQ5Z37A0ESjsqz6qnRcffsMU3495FuTdqSm+7bhJ29JvIOsBDEEnan5DPu9t3To9VRlMzA==",
            "dev": true,
            "dependencies": {
                "picomatch": "^2.2.1"
            },
            "engines": {
                "node": ">=8.10.0"
            }
        },
        "node_modules/rollup": {
            "version": "3.26.3",
            "resolved": "https://registry.npmjs.org/rollup/-/rollup-3.26.3.tgz",
            "integrity": "sha512-7Tin0C8l86TkpcMtXvQu6saWH93nhG3dGQ1/+l5V2TDMceTxO7kDiK6GzbfLWNNxqJXm591PcEZUozZm51ogwQ==",
            "dev": true,
            "bin": {
                "rollup": "dist/bin/rollup"
            },
            "engines": {
                "node": ">=14.18.0",
                "npm": ">=8.0.0"
            },
            "optionalDependencies": {
                "fsevents": "~2.3.2"
            }
        },
        "node_modules/sass": {
            "version": "1.63.6",
            "resolved": "https://registry.npmjs.org/sass/-/sass-1.63.6.tgz",
            "integrity": "sha512-MJuxGMHzaOW7ipp+1KdELtqKbfAWbH7OLIdoSMnVe3EXPMTmxTmlaZDCTsgIpPCs3w99lLo9/zDKkOrJuT5byw==",
            "dev": true,
            "dependencies": {
                "chokidar": ">=3.0.0 <4.0.0",
                "immutable": "^4.0.0",
                "source-map-js": ">=0.6.2 <2.0.0"
            },
            "bin": {
                "sass": "sass.js"
            },
            "engines": {
                "node": ">=14.0.0"
            }
        },
        "node_modules/socket.io-client": {
            "version": "2.5.0",
            "resolved": "https://registry.npmjs.org/socket.io-client/-/socket.io-client-2.5.0.tgz",
            "integrity": "sha512-lOO9clmdgssDykiOmVQQitwBAF3I6mYcQAo7hQ7AM6Ny5X7fp8hIJ3HcQs3Rjz4SoggoxA1OgrQyY8EgTbcPYw==",
            "dependencies": {
                "backo2": "1.0.2",
                "component-bind": "1.0.0",
                "component-emitter": "~1.3.0",
                "debug": "~3.1.0",
                "engine.io-client": "~3.5.0",
                "has-binary2": "~1.0.2",
                "indexof": "0.0.1",
                "parseqs": "0.0.6",
                "parseuri": "0.0.6",
                "socket.io-parser": "~3.3.0",
                "to-array": "0.1.4"
            }
        },
        "node_modules/socket.io-parser": {
            "version": "3.3.3",
            "resolved": "https://registry.npmjs.org/socket.io-parser/-/socket.io-parser-3.3.3.tgz",
            "integrity": "sha512-qOg87q1PMWWTeO01768Yh9ogn7chB9zkKtQnya41Y355S0UmpXgpcrFwAgjYJxu9BdKug5r5e9YtVSeWhKBUZg==",
            "dependencies": {
                "component-emitter": "~1.3.0",
                "debug": "~3.1.0",
                "isarray": "2.0.1"
            }
        },
        "node_modules/source-map": {
            "version": "0.6.1",
            "resolved": "https://registry.npmjs.org/source-map/-/source-map-0.6.1.tgz",
            "integrity": "sha512-UjgapumWlbMhkBgzT7Ykc5YXUT46F0iKu8SGXq0bcwP5dz/h0Plj6enJqjz1Zbq2l5WaqYnrVbwWOWMyF3F47g==",
            "dev": true,
            "optional": true,
            "peer": true,
            "engines": {
                "node": ">=0.10.0"
            }
        },
        "node_modules/source-map-js": {
            "version": "1.0.2",
            "resolved": "https://registry.npmjs.org/source-map-js/-/source-map-js-1.0.2.tgz",
            "integrity": "sha512-R0XvVJ9WusLiqTCEiGCmICCMplcCkIwwR11mOSD9CR5u+IXYdiseeEuXCVAjS54zqwkLcPNnmU4OeJ6tUrWhDw==",
            "dev": true,
            "engines": {
                "node": ">=0.10.0"
            }
        },
        "node_modules/source-map-support": {
            "version": "0.5.21",
            "resolved": "https://registry.npmjs.org/source-map-support/-/source-map-support-0.5.21.tgz",
            "integrity": "sha512-uBHU3L3czsIyYXKX88fdrGovxdSCoTGDRZ6SYXtSRxLZUzHg5P/66Ht6uoUlHu9EZod+inXhKo3qQgwXUT/y1w==",
            "dev": true,
            "optional": true,
            "peer": true,
            "dependencies": {
                "buffer-from": "^1.0.0",
                "source-map": "^0.6.0"
            }
        },
        "node_modules/terser": {
            "version": "5.19.1",
            "resolved": "https://registry.npmjs.org/terser/-/terser-5.19.1.tgz",
            "integrity": "sha512-27hxBUVdV6GoNg1pKQ7Z5cbR6V9txPVyBA+FQw3BaZ1Wuzvztce5p156DaP0NVZNrMZZ+6iG9Syf7WgMNKDg2Q==",
            "dev": true,
            "optional": true,
            "peer": true,
            "dependencies": {
                "@jridgewell/source-map": "^0.3.3",
                "acorn": "^8.8.2",
                "commander": "^2.20.0",
                "source-map-support": "~0.5.20"
            },
            "bin": {
                "terser": "bin/terser"
            },
            "engines": {
                "node": ">=10"
            }
        },
        "node_modules/terser/node_modules/commander": {
            "version": "2.20.3",
            "resolved": "https://registry.npmjs.org/commander/-/commander-2.20.3.tgz",
            "integrity": "sha512-GpVkmM8vF2vQUkj2LvZmD35JxeJOLCwJ9cUkugyk2nuhbv3+mJvpLYYt+0+USMxE+oj+ey/lJEnhZw75x/OMcQ==",
            "dev": true,
            "optional": true,
            "peer": true
        },
        "node_modules/tinymce": {
            "version": "6.8.3",
            "resolved": "https://registry.npmjs.org/tinymce/-/tinymce-6.8.3.tgz",
            "integrity": "sha512-3fCHKAeqT+xNwBVESf6iDbDV0VNwZNmfrkx9c/6Gz5iB8piMfaO6s7FvoiTrj1hf1gVbfyLTnz1DooI6DhgINQ=="
        },
        "node_modules/to-array": {
            "version": "0.1.4",
            "resolved": "https://registry.npmjs.org/to-array/-/to-array-0.1.4.tgz",
            "integrity": "sha512-LhVdShQD/4Mk4zXNroIQZJC+Ap3zgLcDuwEdcmLv9CCO73NWockQDwyUnW/m8VX/EElfL6FcYx7EeutN4HJA6A=="
        },
        "node_modules/to-regex-range": {
            "version": "5.0.1",
            "resolved": "https://registry.npmjs.org/to-regex-range/-/to-regex-range-5.0.1.tgz",
            "integrity": "sha512-65P7iz6X5yEr1cwcgvQxbbIw7Uk3gOy5dIdtZ4rDveLqhrdJP+Li/Hx6tyK0NEb+2GCyneCMJiGqrADCSNk8sQ==",
            "dev": true,
            "dependencies": {
                "is-number": "^7.0.0"
            },
            "engines": {
                "node": ">=8.0"
            }
        },
        "node_modules/vite": {
            "version": "4.4.4",
            "resolved": "https://registry.npmjs.org/vite/-/vite-4.4.4.tgz",
            "integrity": "sha512-4mvsTxjkveWrKDJI70QmelfVqTm+ihFAb6+xf4sjEU2TmUCTlVX87tmg/QooPEMQb/lM9qGHT99ebqPziEd3wg==",
            "dev": true,
            "dependencies": {
                "esbuild": "^0.18.10",
                "postcss": "^8.4.25",
                "rollup": "^3.25.2"
            },
            "bin": {
                "vite": "bin/vite.js"
            },
            "engines": {
                "node": "^14.18.0 || >=16.0.0"
            },
            "funding": {
                "url": "https://github.com/vitejs/vite?sponsor=1"
            },
            "optionalDependencies": {
                "fsevents": "~2.3.2"
            },
            "peerDependencies": {
                "@types/node": ">= 14",
                "less": "*",
                "lightningcss": "^1.21.0",
                "sass": "*",
                "stylus": "*",
                "sugarss": "*",
                "terser": "^5.4.0"
            },
            "peerDependenciesMeta": {
                "@types/node": {
                    "optional": true
                },
                "less": {
                    "optional": true
                },
                "lightningcss": {
                    "optional": true
                },
                "sass": {
                    "optional": true
                },
                "stylus": {
                    "optional": true
                },
                "sugarss": {
                    "optional": true
                },
                "terser": {
                    "optional": true
                }
            }
        },
        "node_modules/vite-plugin-full-reload": {
            "version": "1.0.5",
            "resolved": "https://registry.npmjs.org/vite-plugin-full-reload/-/vite-plugin-full-reload-1.0.5.tgz",
            "integrity": "sha512-kVZFDFWr0DxiHn6MuDVTQf7gnWIdETGlZh0hvTiMXzRN80vgF4PKbONSq8U1d0WtHsKaFODTQgJeakLacoPZEQ==",
            "dev": true,
            "dependencies": {
                "picocolors": "^1.0.0",
                "picomatch": "^2.3.1"
            },
            "peerDependencies": {
                "vite": "^2 || ^3 || ^4"
            }
        },
        "node_modules/ws": {
            "version": "7.4.6",
            "resolved": "https://registry.npmjs.org/ws/-/ws-7.4.6.tgz",
            "integrity": "sha512-YmhHDO4MzaDLB+M9ym/mDA5z0naX8j7SIlT8f8z+I0VtzsRbekxEutHSme7NPS2qE8StCYQNUnfWdXta/Yu85A==",
            "engines": {
                "node": ">=8.3.0"
            },
            "peerDependencies": {
                "bufferutil": "^4.0.1",
                "utf-8-validate": "^5.0.2"
            },
            "peerDependenciesMeta": {
                "bufferutil": {
                    "optional": true
                },
                "utf-8-validate": {
                    "optional": true
                }
            }
        },
        "node_modules/xmlhttprequest-ssl": {
            "version": "1.6.3",
            "resolved": "https://registry.npmjs.org/xmlhttprequest-ssl/-/xmlhttprequest-ssl-1.6.3.tgz",
            "integrity": "sha512-3XfeQE/wNkvrIktn2Kf0869fC0BN6UpydVasGIeSm2B1Llihf7/0UfZM+eCkOw3P7bP4+qPgqhm7ZoxuJtFU0Q==",
            "engines": {
                "node": ">=0.4.0"
            }
        },
        "node_modules/yeast": {
            "version": "0.1.2",
            "resolved": "https://registry.npmjs.org/yeast/-/yeast-0.1.2.tgz",
            "integrity": "sha512-8HFIh676uyGYP6wP13R/j6OJ/1HwJ46snpvzE7aHAN3Ryqh2yX6Xox2B4CUmTwwOIzlG3Bs7ocsP5dZH/R1Qbg=="
        }
    }
}
